
Microsoft Visual Studio Solution File, Format Version 12.00
# Visual Studio 2012
Project("{2150E333-8FDC-42A3-9474-1A3956D46DE8}") = "Tests", "Tests", "{187D1E43-6865-44BB-BC49-5D4D0A561EFB}"
EndProject
Project("{FAE04EC0-301F-11D3-BF4B-00C04F79EFBC}") = "GraphLabs.Tests.UI", "GraphLabs.Tests.UI\GraphLabs.Tests.UI.csproj", "{6D3CD930-E5C7-4B76-BB53-5DE04AD8B9A9}"
EndProject
Project("{2150E333-8FDC-42A3-9474-1A3956D46DE8}") = ".nuget", ".nuget", "{191BC079-2425-4605-A7B7-B5240E8AB0B2}"
	ProjectSection(SolutionItems) = preProject
		.nuget\packages.config = .nuget\packages.config
	EndProjectSection
EndProject
Project("{FAE04EC0-301F-11D3-BF4B-00C04F79EFBC}") = "GraphLabs.Tests.Graphs", "GraphLabs.Tests.Graphs\GraphLabs.Tests.Graphs.csproj", "{4A2A7051-E562-487A-AA67-14C7F277B828}"
EndProject
Project("{FAE04EC0-301F-11D3-BF4B-00C04F79EFBC}") = "GraphLabs.Graphs", "GraphLabs.Graphs\GraphLabs.Graphs.csproj", "{F24FC8F0-F88D-4E51-8E6C-6DE2727B1162}"
EndProject
Project("{FAE04EC0-301F-11D3-BF4B-00C04F79EFBC}") = "GraphLabs.Graphs.UIComponents", "GraphLabs.Graphs.UIComponents\GraphLabs.Graphs.UIComponents.csproj", "{7C30B52B-19D9-4CEC-A8B5-34CE6A6F4E72}"
EndProject
Project("{FAE04EC0-301F-11D3-BF4B-00C04F79EFBC}") = "GraphLabs.CommonUI", "GraphLabs.CommonUI\GraphLabs.CommonUI.csproj", "{92F3715E-F80D-4685-A1D6-78C7434AD433}"
EndProject
Project("{FAE04EC0-301F-11D3-BF4B-00C04F79EFBC}") = "GraphLabs.Utils", "GraphLabs.Utils\GraphLabs.Utils.csproj", "{186DFF1F-1D55-45A3-ADC6-423135DB8D65}"
EndProject
Project("{2150E333-8FDC-42A3-9474-1A3956D46DE8}") = "Solution Items", "Solution Items", "{55C839F1-4F1C-4ED0-90F8-376FFCA1B38D}"
	ProjectSection(SolutionItems) = preProject
		AssemblyInfo.General.cs = AssemblyInfo.General.cs
		AssemblyVersion.cs.template = AssemblyVersion.cs.template
	EndProjectSection
EndProject
Project("{FAE04EC0-301F-11D3-BF4B-00C04F79EFBC}") = "GraphLabs.Tests.Common", "GraphLabs.Tests.Common\GraphLabs.Tests.Common.csproj", "{A60C9D54-410B-412C-99B7-8049FF570984}"
EndProject
Project("{FAE04EC0-301F-11D3-BF4B-00C04F79EFBC}") = "GraphLabs.Common", "GraphLabs.Common\GraphLabs.Common.csproj", "{C3138D96-6A31-434C-8FCE-FB37EE624714}"
EndProject
Project("{FAE04EC0-301F-11D3-BF4B-00C04F79EFBC}") = "GraphLabs.Tests.Utils", "GraphLabs.Tests.Utils\GraphLabs.Tests.Utils.csproj", "{59D04B62-E51D-4014-A353-820DCF13DB87}"
EndProject
Global
	GlobalSection(SolutionConfigurationPlatforms) = preSolution
		Debug|Any CPU = Debug|Any CPU
		Debug|Mixed Platforms = Debug|Mixed Platforms
		Debug|x86 = Debug|x86
		Release|Any CPU = Release|Any CPU
		Release|Mixed Platforms = Release|Mixed Platforms
		Release|x86 = Release|x86
	EndGlobalSection
	GlobalSection(ProjectConfigurationPlatforms) = postSolution
		{6D3CD930-E5C7-4B76-BB53-5DE04AD8B9A9}.Debug|Any CPU.ActiveCfg = Debug|Any CPU
		{6D3CD930-E5C7-4B76-BB53-5DE04AD8B9A9}.Debug|Any CPU.Build.0 = Debug|Any CPU
		{6D3CD930-E5C7-4B76-BB53-5DE04AD8B9A9}.Debug|Mixed Platforms.ActiveCfg = Debug|Any CPU
		{6D3CD930-E5C7-4B76-BB53-5DE04AD8B9A9}.Debug|Mixed Platforms.Build.0 = Debug|Any CPU
		{6D3CD930-E5C7-4B76-BB53-5DE04AD8B9A9}.Debug|x86.ActiveCfg = Debug|Any CPU
		{6D3CD930-E5C7-4B76-BB53-5DE04AD8B9A9}.Release|Any CPU.ActiveCfg = Release|Any CPU
		{6D3CD930-E5C7-4B76-BB53-5DE04AD8B9A9}.Release|Any CPU.Build.0 = Release|Any CPU
		{6D3CD930-E5C7-4B76-BB53-5DE04AD8B9A9}.Release|Mixed Platforms.ActiveCfg = Release|Any CPU
		{6D3CD930-E5C7-4B76-BB53-5DE04AD8B9A9}.Release|Mixed Platforms.Build.0 = Release|Any CPU
		{6D3CD930-E5C7-4B76-BB53-5DE04AD8B9A9}.Release|x86.ActiveCfg = Release|Any CPU
		{4A2A7051-E562-487A-AA67-14C7F277B828}.Debug|Any CPU.ActiveCfg = Debug|Any CPU
		{4A2A7051-E562-487A-AA67-14C7F277B828}.Debug|Any CPU.Build.0 = Debug|Any CPU
		{4A2A7051-E562-487A-AA67-14C7F277B828}.Debug|Mixed Platforms.ActiveCfg = Debug|Any CPU
		{4A2A7051-E562-487A-AA67-14C7F277B828}.Debug|Mixed Platforms.Build.0 = Debug|Any CPU
		{4A2A7051-E562-487A-AA67-14C7F277B828}.Debug|x86.ActiveCfg = Debug|Any CPU
		{4A2A7051-E562-487A-AA67-14C7F277B828}.Release|Any CPU.ActiveCfg = Release|Any CPU
		{4A2A7051-E562-487A-AA67-14C7F277B828}.Release|Any CPU.Build.0 = Release|Any CPU
		{4A2A7051-E562-487A-AA67-14C7F277B828}.Release|Mixed Platforms.ActiveCfg = Release|Any CPU
		{4A2A7051-E562-487A-AA67-14C7F277B828}.Release|Mixed Platforms.Build.0 = Release|Any CPU
		{4A2A7051-E562-487A-AA67-14C7F277B828}.Release|x86.ActiveCfg = Release|Any CPU
		{F24FC8F0-F88D-4E51-8E6C-6DE2727B1162}.Debug|Any CPU.ActiveCfg = Debug|Any CPU
		{F24FC8F0-F88D-4E51-8E6C-6DE2727B1162}.Debug|Any CPU.Build.0 = Debug|Any CPU
		{F24FC8F0-F88D-4E51-8E6C-6DE2727B1162}.Debug|Mixed Platforms.ActiveCfg = Debug|Any CPU
		{F24FC8F0-F88D-4E51-8E6C-6DE2727B1162}.Debug|Mixed Platforms.Build.0 = Debug|Any CPU
		{F24FC8F0-F88D-4E51-8E6C-6DE2727B1162}.Debug|x86.ActiveCfg = Debug|Any CPU
		{F24FC8F0-F88D-4E51-8E6C-6DE2727B1162}.Release|Any CPU.ActiveCfg = Release|Any CPU
		{F24FC8F0-F88D-4E51-8E6C-6DE2727B1162}.Release|Any CPU.Build.0 = Release|Any CPU
		{F24FC8F0-F88D-4E51-8E6C-6DE2727B1162}.Release|Mixed Platforms.ActiveCfg = Release|Any CPU
		{F24FC8F0-F88D-4E51-8E6C-6DE2727B1162}.Release|Mixed Platforms.Build.0 = Release|Any CPU
		{F24FC8F0-F88D-4E51-8E6C-6DE2727B1162}.Release|x86.ActiveCfg = Release|Any CPU
		{7C30B52B-19D9-4CEC-A8B5-34CE6A6F4E72}.Debug|Any CPU.ActiveCfg = Debug|Any CPU
		{7C30B52B-19D9-4CEC-A8B5-34CE6A6F4E72}.Debug|Any CPU.Build.0 = Debug|Any CPU
		{7C30B52B-19D9-4CEC-A8B5-34CE6A6F4E72}.Debug|Mixed Platforms.ActiveCfg = Debug|Any CPU
		{7C30B52B-19D9-4CEC-A8B5-34CE6A6F4E72}.Debug|Mixed Platforms.Build.0 = Debug|Any CPU
		{7C30B52B-19D9-4CEC-A8B5-34CE6A6F4E72}.Debug|x86.ActiveCfg = Debug|Any CPU
		{7C30B52B-19D9-4CEC-A8B5-34CE6A6F4E72}.Release|Any CPU.ActiveCfg = Release|Any CPU
		{7C30B52B-19D9-4CEC-A8B5-34CE6A6F4E72}.Release|Any CPU.Build.0 = Release|Any CPU
		{7C30B52B-19D9-4CEC-A8B5-34CE6A6F4E72}.Release|Mixed Platforms.ActiveCfg = Release|Any CPU
		{7C30B52B-19D9-4CEC-A8B5-34CE6A6F4E72}.Release|Mixed Platforms.Build.0 = Release|Any CPU
		{7C30B52B-19D9-4CEC-A8B5-34CE6A6F4E72}.Release|x86.ActiveCfg = Release|Any CPU
		{92F3715E-F80D-4685-A1D6-78C7434AD433}.Debug|Any CPU.ActiveCfg = Debug|Any CPU
		{92F3715E-F80D-4685-A1D6-78C7434AD433}.Debug|Any CPU.Build.0 = Debug|Any CPU
		{92F3715E-F80D-4685-A1D6-78C7434AD433}.Debug|Mixed Platforms.ActiveCfg = Debug|Any CPU
		{92F3715E-F80D-4685-A1D6-78C7434AD433}.Debug|Mixed Platforms.Build.0 = Debug|Any CPU
		{92F3715E-F80D-4685-A1D6-78C7434AD433}.Debug|x86.ActiveCfg = Debug|Any CPU
		{92F3715E-F80D-4685-A1D6-78C7434AD433}.Release|Any CPU.ActiveCfg = Release|Any CPU
		{92F3715E-F80D-4685-A1D6-78C7434AD433}.Release|Any CPU.Build.0 = Release|Any CPU
		{92F3715E-F80D-4685-A1D6-78C7434AD433}.Release|Mixed Platforms.ActiveCfg = Release|Any CPU
		{92F3715E-F80D-4685-A1D6-78C7434AD433}.Release|Mixed Platforms.Build.0 = Release|Any CPU
		{92F3715E-F80D-4685-A1D6-78C7434AD433}.Release|x86.ActiveCfg = Release|Any CPU
		{186DFF1F-1D55-45A3-ADC6-423135DB8D65}.Debug|Any CPU.ActiveCfg = Debug|Any CPU
		{186DFF1F-1D55-45A3-ADC6-423135DB8D65}.Debug|Any CPU.Build.0 = Debug|Any CPU
		{186DFF1F-1D55-45A3-ADC6-423135DB8D65}.Debug|Mixed Platforms.ActiveCfg = Debug|Any CPU
		{186DFF1F-1D55-45A3-ADC6-423135DB8D65}.Debug|Mixed Platforms.Build.0 = Debug|Any CPU
		{186DFF1F-1D55-45A3-ADC6-423135DB8D65}.Debug|x86.ActiveCfg = Debug|Any CPU
		{186DFF1F-1D55-45A3-ADC6-423135DB8D65}.Release|Any CPU.ActiveCfg = Release|Any CPU
		{186DFF1F-1D55-45A3-ADC6-423135DB8D65}.Release|Any CPU.Build.0 = Release|Any CPU
		{186DFF1F-1D55-45A3-ADC6-423135DB8D65}.Release|Mixed Platforms.ActiveCfg = Release|Any CPU
		{186DFF1F-1D55-45A3-ADC6-423135DB8D65}.Release|Mixed Platforms.Build.0 = Release|Any CPU
		{186DFF1F-1D55-45A3-ADC6-423135DB8D65}.Release|x86.ActiveCfg = Release|Any CPU
		{A60C9D54-410B-412C-99B7-8049FF570984}.Debug|Any CPU.ActiveCfg = Debug|Any CPU
		{A60C9D54-410B-412C-99B7-8049FF570984}.Debug|Any CPU.Build.0 = Debug|Any CPU
		{A60C9D54-410B-412C-99B7-8049FF570984}.Debug|Mixed Platforms.ActiveCfg = Debug|Any CPU
		{A60C9D54-410B-412C-99B7-8049FF570984}.Debug|Mixed Platforms.Build.0 = Debug|Any CPU
		{A60C9D54-410B-412C-99B7-8049FF570984}.Debug|x86.ActiveCfg = Debug|Any CPU
		{A60C9D54-410B-412C-99B7-8049FF570984}.Release|Any CPU.ActiveCfg = Release|Any CPU
		{A60C9D54-410B-412C-99B7-8049FF570984}.Release|Any CPU.Build.0 = Release|Any CPU
		{A60C9D54-410B-412C-99B7-8049FF570984}.Release|Mixed Platforms.ActiveCfg = Release|Any CPU
		{A60C9D54-410B-412C-99B7-8049FF570984}.Release|Mixed Platforms.Build.0 = Release|Any CPU
		{A60C9D54-410B-412C-99B7-8049FF570984}.Release|x86.ActiveCfg = Release|Any CPU
		{C3138D96-6A31-434C-8FCE-FB37EE624714}.Debug|Any CPU.ActiveCfg = Debug|Any CPU
		{C3138D96-6A31-434C-8FCE-FB37EE624714}.Debug|Any CPU.Build.0 = Debug|Any CPU
		{C3138D96-6A31-434C-8FCE-FB37EE624714}.Debug|Mixed Platforms.ActiveCfg = Debug|Any CPU
		{C3138D96-6A31-434C-8FCE-FB37EE624714}.Debug|Mixed Platforms.Build.0 = Debug|Any CPU
		{C3138D96-6A31-434C-8FCE-FB37EE624714}.Debug|x86.ActiveCfg = Debug|Any CPU
		{C3138D96-6A31-434C-8FCE-FB37EE624714}.Release|Any CPU.ActiveCfg = Release|Any CPU
		{C3138D96-6A31-434C-8FCE-FB37EE624714}.Release|Any CPU.Build.0 = Release|Any CPU
		{C3138D96-6A31-434C-8FCE-FB37EE624714}.Release|Mixed Platforms.ActiveCfg = Release|Any CPU
		{C3138D96-6A31-434C-8FCE-FB37EE624714}.Release|Mixed Platforms.Build.0 = Release|Any CPU
		{C3138D96-6A31-434C-8FCE-FB37EE624714}.Release|x86.ActiveCfg = Release|Any CPU
		{59D04B62-E51D-4014-A353-820DCF13DB87}.Debug|Any CPU.ActiveCfg = Debug|Any CPU
		{59D04B62-E51D-4014-A353-820DCF13DB87}.Debug|Any CPU.Build.0 = Debug|Any CPU
		{59D04B62-E51D-4014-A353-820DCF13DB87}.Debug|Mixed Platforms.ActiveCfg = Debug|Any CPU
		{59D04B62-E51D-4014-A353-820DCF13DB87}.Debug|Mixed Platforms.Build.0 = Debug|Any CPU
		{59D04B62-E51D-4014-A353-820DCF13DB87}.Debug|x86.ActiveCfg = Debug|Any CPU
		{59D04B62-E51D-4014-A353-820DCF13DB87}.Release|Any CPU.ActiveCfg = Release|Any CPU
		{59D04B62-E51D-4014-A353-820DCF13DB87}.Release|Any CPU.Build.0 = Release|Any CPU
		{59D04B62-E51D-4014-A353-820DCF13DB87}.Release|Mixed Platforms.ActiveCfg = Release|Any CPU
		{59D04B62-E51D-4014-A353-820DCF13DB87}.Release|Mixed Platforms.Build.0 = Release|Any CPU
		{59D04B62-E51D-4014-A353-820DCF13DB87}.Release|x86.ActiveCfg = Release|Any CPU
	EndGlobalSection
	GlobalSection(SolutionProperties) = preSolution
		HideSolutionNode = FALSE
	EndGlobalSection
	GlobalSection(NestedProjects) = preSolution
		{6D3CD930-E5C7-4B76-BB53-5DE04AD8B9A9} = {187D1E43-6865-44BB-BC49-5D4D0A561EFB}
		{4A2A7051-E562-487A-AA67-14C7F277B828} = {187D1E43-6865-44BB-BC49-5D4D0A561EFB}
		{A60C9D54-410B-412C-99B7-8049FF570984} = {187D1E43-6865-44BB-BC49-5D4D0A561EFB}
		{59D04B62-E51D-4014-A353-820DCF13DB87} = {187D1E43-6865-44BB-BC49-5D4D0A561EFB}
	EndGlobalSection
	GlobalSection(ExtensibilityGlobals) = postSolution
		EnterpriseLibraryConfigurationToolBinariesPath = packages\Unity.2.1.505.2\lib\NET35
	EndGlobalSection
EndGlobal
